
Microsoft Visual Studio Solution File, Format Version 12.00
# Visual Studio Version 16
VisualStudioVersion = 16.0.29609.76
MinimumVisualStudioVersion = 10.0.40219.1
Project("{9A19103F-16F7-4668-BE54-9A1E7A4F7556}") = "LLCoreApi", "LLCoreApi\LLCoreApi.csproj", "{894CEC29-C99C-42AD-B515-5A223C8C8C55}"
EndProject
Project("{FAE04EC0-301F-11D3-BF4B-00C04F79EFBC}") = "LLC.Common", "LLC.Common\LLC.Common.csproj", "{3E016509-26B9-4158-BCF5-34F8837A469D}"
EndProject
Project("{FAE04EC0-301F-11D3-BF4B-00C04F79EFBC}") = "LLC.Models", "LLC.Models\LLC.Models.csproj", "{A6321AB8-5F99-4675-89F8-992E444618E1}"
EndProject
Project("{FAE04EC0-301F-11D3-BF4B-00C04F79EFBC}") = "LLC.IService", "LLC.IService\LLC.IService.csproj", "{C904AE2B-E83E-4E10-A5AE-BD18E60052DD}"
EndProject
Project("{FAE04EC0-301F-11D3-BF4B-00C04F79EFBC}") = "LLC.Service", "LLC.Service\LLC.Service.csproj", "{86B032EA-3B64-4852-80F3-2F595175F3B9}"
EndProject
Project("{2150E333-8FDC-42A3-9474-1A3956D46DE8}") = "test1", "test1", "{0939B849-342E-463E-A9DB-DDEDE8E6C08B}"
EndProject
Global
	GlobalSection(SolutionConfigurationPlatforms) = preSolution
		Debug|Any CPU = Debug|Any CPU
		Release|Any CPU = Release|Any CPU
	EndGlobalSection
	GlobalSection(ProjectConfigurationPlatforms) = postSolution
		{894CEC29-C99C-42AD-B515-5A223C8C8C55}.Debug|Any CPU.ActiveCfg = Debug|Any CPU
		{894CEC29-C99C-42AD-B515-5A223C8C8C55}.Debug|Any CPU.Build.0 = Debug|Any CPU
		{894CEC29-C99C-42AD-B515-5A223C8C8C55}.Release|Any CPU.ActiveCfg = Release|Any CPU
		{894CEC29-C99C-42AD-B515-5A223C8C8C55}.Release|Any CPU.Build.0 = Release|Any CPU
		{3E016509-26B9-4158-BCF5-34F8837A469D}.Debug|Any CPU.ActiveCfg = Debug|Any CPU
		{3E016509-26B9-4158-BCF5-34F8837A469D}.Debug|Any CPU.Build.0 = Debug|Any CPU
		{3E016509-26B9-4158-BCF5-34F8837A469D}.Release|Any CPU.ActiveCfg = Release|Any CPU
		{3E016509-26B9-4158-BCF5-34F8837A469D}.Release|Any CPU.Build.0 = Release|Any CPU
		{A6321AB8-5F99-4675-89F8-992E444618E1}.Debug|Any CPU.ActiveCfg = Debug|Any CPU
		{A6321AB8-5F99-4675-89F8-992E444618E1}.Debug|Any CPU.Build.0 = Debug|Any CPU
		{A6321AB8-5F99-4675-89F8-992E444618E1}.Release|Any CPU.ActiveCfg = Release|Any CPU
		{A6321AB8-5F99-4675-89F8-992E444618E1}.Release|Any CPU.Build.0 = Release|Any CPU
		{C904AE2B-E83E-4E10-A5AE-BD18E60052DD}.Debug|Any CPU.ActiveCfg = Debug|Any CPU
		{C904AE2B-E83E-4E10-A5AE-BD18E60052DD}.Debug|Any CPU.Build.0 = Debug|Any CPU
		{C904AE2B-E83E-4E10-A5AE-BD18E60052DD}.Release|Any CPU.ActiveCfg = Release|Any CPU
		{C904AE2B-E83E-4E10-A5AE-BD18E60052DD}.Release|Any CPU.Build.0 = Release|Any CPU
		{86B032EA-3B64-4852-80F3-2F595175F3B9}.Debug|Any CPU.ActiveCfg = Debug|Any CPU
		{86B032EA-3B64-4852-80F3-2F595175F3B9}.Debug|Any CPU.Build.0 = Debug|Any CPU
		{86B032EA-3B64-4852-80F3-2F595175F3B9}.Release|Any CPU.ActiveCfg = Release|Any CPU
		{86B032EA-3B64-4852-80F3-2F595175F3B9}.Release|Any CPU.Build.0 = Release|Any CPU
	EndGlobalSection
	GlobalSection(SolutionProperties) = preSolution
		HideSolutionNode = FALSE
	EndGlobalSection
	GlobalSection(ExtensibilityGlobals) = postSolution
		SolutionGuid = {BD5BB3FB-4E29-4D50-902E-A728ADBBB2E4}
	EndGlobalSection
EndGlobal
